
Microsoft Visual Studio Solution File, Format Version 12.00
# Visual Studio Version 17
VisualStudioVersion = 17.4.33205.214
MinimumVisualStudioVersion = 10.0.40219.1
Project("{9A19103F-16F7-4668-BE54-9A1E7A4F7556}") = "FEngine", "DIF\FEngine.csproj", "{80EDA507-0C7C-48FC-B425-0182DF1EA085}"
EndProject
Global
	GlobalSection(SolutionConfigurationPlatforms) = preSolution
		Debug|Any CPU = Debug|Any CPU
		Release|Any CPU = Release|Any CPU
	EndGlobalSection
	GlobalSection(ProjectConfigurationPlatforms) = postSolution
		{80EDA507-0C7C-48FC-B425-0182DF1EA085}.Debug|Any CPU.ActiveCfg = Debug|Any CPU
		{80EDA507-0C7C-48FC-B425-0182DF1EA085}.Debug|Any CPU.Build.0 = Debug|Any CPU
		{80EDA507-0C7C-48FC-B425-0182DF1EA085}.Release|Any CPU.ActiveCfg = Release|Any CPU
		{80EDA507-0C7C-48FC-B425-0182DF1EA085}.Release|Any CPU.Build.0 = Release|Any CPU
	EndGlobalSection
	GlobalSection(SolutionProperties) = preSolution
		HideSolutionNode = FALSE
	EndGlobalSection
	GlobalSection(ExtensibilityGlobals) = postSolution
		SolutionGuid = {CD006D95-E1F3-4B58-9A28-2A057D136D22}
	EndGlobalSection
EndGlobal
